
Microsoft Visual Studio Solution File, Format Version 12.00
# Visual Studio 15
VisualStudioVersion = 15.0.28307.329
MinimumVisualStudioVersion = 10.0.40219.1
Project("{FAE04EC0-301F-11D3-BF4B-00C04F79EFBC}") = "notepad", "notepad\notepad.csproj", "{7F749068-0AFA-438F-A9EA-52537655019C}"
EndProject
Global
	GlobalSection(SolutionConfigurationPlatforms) = preSolution
		Debug|Any CPU = Debug|Any CPU
		Release|Any CPU = Release|Any CPU
	EndGlobalSection
	GlobalSection(ProjectConfigurationPlatforms) = postSolution
		{7F749068-0AFA-438F-A9EA-52537655019C}.Debug|Any CPU.ActiveCfg = Debug|Any CPU
		{7F749068-0AFA-438F-A9EA-52537655019C}.Debug|Any CPU.Build.0 = Debug|Any CPU
		{7F749068-0AFA-438F-A9EA-52537655019C}.Release|Any CPU.ActiveCfg = Release|Any CPU
		{7F749068-0AFA-438F-A9EA-52537655019C}.Release|Any CPU.Build.0 = Release|Any CPU
	EndGlobalSection
	GlobalSection(SolutionProperties) = preSolution
		HideSolutionNode = FALSE
	EndGlobalSection
	GlobalSection(ExtensibilityGlobals) = postSolution
		SolutionGuid = {3CC81A86-1E6E-4AE8-9D02-C432311B2492}
	EndGlobalSection
EndGlobal
